
Microsoft Visual Studio Solution File, Format Version 12.00
# Visual Studio 14
VisualStudioVersion = 14.0.24720.0
MinimumVisualStudioVersion = 10.0.40219.1
Project("{8BC9CEB8-8B4A-11D0-8D11-00A0C91BC942}") = "Input", "Input\Input.vcxproj", "{92ACB259-52EE-438A-BE3D-47C74ACA88A8}"
	ProjectSection(ProjectDependencies) = postProject
		{5607563F-E4D7-4469-9559-A13808F8735C} = {5607563F-E4D7-4469-9559-A13808F8735C}
	EndProjectSection
EndProject
Project("{8BC9CEB8-8B4A-11D0-8D11-00A0C91BC942}") = "Main", "Main\Main.vcxproj", "{4D5B5928-8A3F-4C2F-B5A2-5D2C4D6A2138}"
	ProjectSection(ProjectDependencies) = postProject
		{08D60818-66EF-445C-B2EF-839D510AA61D} = {08D60818-66EF-445C-B2EF-839D510AA61D}
		{6174012A-49D7-436B-8476-640380B7F3DF} = {6174012A-49D7-436B-8476-640380B7F3DF}
		{5607563F-E4D7-4469-9559-A13808F8735C} = {5607563F-E4D7-4469-9559-A13808F8735C}
		{92ACB259-52EE-438A-BE3D-47C74ACA88A8} = {92ACB259-52EE-438A-BE3D-47C74ACA88A8}
		{D8934C5C-2274-4954-A4EE-8AD0C1A6C19D} = {D8934C5C-2274-4954-A4EE-8AD0C1A6C19D}
		{C43FA867-E289-4359-B8F6-33ECF4B78683} = {C43FA867-E289-4359-B8F6-33ECF4B78683}
		{C9C8D19F-2D38-46F2-93D8-FFE4A7C680A4} = {C9C8D19F-2D38-46F2-93D8-FFE4A7C680A4}
		{5C55A0D1-BDAE-4FCA-94F4-5D1788460E2F} = {5C55A0D1-BDAE-4FCA-94F4-5D1788460E2F}
		{36D64EDD-3B8F-45FC-BE99-0928FBDF0BDE} = {36D64EDD-3B8F-45FC-BE99-0928FBDF0BDE}
		{AB472FE2-3C3E-40B0-A674-4E161BD683BE} = {AB472FE2-3C3E-40B0-A674-4E161BD683BE}
		{E0B52AE7-E160-4D32-BF3F-910B785E5A8E} = {E0B52AE7-E160-4D32-BF3F-910B785E5A8E}
	EndProjectSection
EndProject
Project("{8BC9CEB8-8B4A-11D0-8D11-00A0C91BC942}") = "Camera", "Camera\Camera.vcxproj", "{5C55A0D1-BDAE-4FCA-94F4-5D1788460E2F}"
	ProjectSection(ProjectDependencies) = postProject
		{92ACB259-52EE-438A-BE3D-47C74ACA88A8} = {92ACB259-52EE-438A-BE3D-47C74ACA88A8}
	EndProjectSection
EndProject
Project("{8BC9CEB8-8B4A-11D0-8D11-00A0C91BC942}") = "Clock", "Clock\Clock.vcxproj", "{36D64EDD-3B8F-45FC-BE99-0928FBDF0BDE}"
	ProjectSection(ProjectDependencies) = postProject
		{5607563F-E4D7-4469-9559-A13808F8735C} = {5607563F-E4D7-4469-9559-A13808F8735C}
	EndProjectSection
EndProject
Project("{8BC9CEB8-8B4A-11D0-8D11-00A0C91BC942}") = "Utils", "Utils\Utils.vcxproj", "{5607563F-E4D7-4469-9559-A13808F8735C}"
	ProjectSection(ProjectDependencies) = postProject
		{E0B52AE7-E160-4D32-BF3F-910B785E5A8E} = {E0B52AE7-E160-4D32-BF3F-910B785E5A8E}
	EndProjectSection
EndProject
Project("{8BC9CEB8-8B4A-11D0-8D11-00A0C91BC942}") = "ShaderResourcesManager", "ShaderResourcesManager\ShaderResourcesManager.vcxproj", "{08D60818-66EF-445C-B2EF-839D510AA61D}"
	ProjectSection(ProjectDependencies) = postProject
		{5607563F-E4D7-4469-9559-A13808F8735C} = {5607563F-E4D7-4469-9559-A13808F8735C}
		{E0B52AE7-E160-4D32-BF3F-910B785E5A8E} = {E0B52AE7-E160-4D32-BF3F-910B785E5A8E}
	EndProjectSection
EndProject
Project("{8BC9CEB8-8B4A-11D0-8D11-00A0C91BC942}") = "ShadersManager", "ShadersManager\ShadersManager.vcxproj", "{6174012A-49D7-436B-8476-640380B7F3DF}"
	ProjectSection(ProjectDependencies) = postProject
		{5607563F-E4D7-4469-9559-A13808F8735C} = {5607563F-E4D7-4469-9559-A13808F8735C}
	EndProjectSection
EndProject
Project("{8BC9CEB8-8B4A-11D0-8D11-00A0C91BC942}") = "StringDrawer", "StringDrawer\StringDrawer.vcxproj", "{D8934C5C-2274-4954-A4EE-8AD0C1A6C19D}"
	ProjectSection(ProjectDependencies) = postProject
		{5607563F-E4D7-4469-9559-A13808F8735C} = {5607563F-E4D7-4469-9559-A13808F8735C}
		{E0B52AE7-E160-4D32-BF3F-910B785E5A8E} = {E0B52AE7-E160-4D32-BF3F-910B785E5A8E}
	EndProjectSection
EndProject
Project("{8BC9CEB8-8B4A-11D0-8D11-00A0C91BC942}") = "DrawManager", "DrawManager\DrawManager.vcxproj", "{AB472FE2-3C3E-40B0-A674-4E161BD683BE}"
	ProjectSection(ProjectDependencies) = postProject
		{5607563F-E4D7-4469-9559-A13808F8735C} = {5607563F-E4D7-4469-9559-A13808F8735C}
		{D8934C5C-2274-4954-A4EE-8AD0C1A6C19D} = {D8934C5C-2274-4954-A4EE-8AD0C1A6C19D}
	EndProjectSection
EndProject
Project("{8BC9CEB8-8B4A-11D0-8D11-00A0C91BC942}") = "App", "App\App.vcxproj", "{C43FA867-E289-4359-B8F6-33ECF4B78683}"
	ProjectSection(ProjectDependencies) = postProject
		{08D60818-66EF-445C-B2EF-839D510AA61D} = {08D60818-66EF-445C-B2EF-839D510AA61D}
		{6174012A-49D7-436B-8476-640380B7F3DF} = {6174012A-49D7-436B-8476-640380B7F3DF}
		{5607563F-E4D7-4469-9559-A13808F8735C} = {5607563F-E4D7-4469-9559-A13808F8735C}
		{92ACB259-52EE-438A-BE3D-47C74ACA88A8} = {92ACB259-52EE-438A-BE3D-47C74ACA88A8}
		{C9C8D19F-2D38-46F2-93D8-FFE4A7C680A4} = {C9C8D19F-2D38-46F2-93D8-FFE4A7C680A4}
		{5C55A0D1-BDAE-4FCA-94F4-5D1788460E2F} = {5C55A0D1-BDAE-4FCA-94F4-5D1788460E2F}
		{36D64EDD-3B8F-45FC-BE99-0928FBDF0BDE} = {36D64EDD-3B8F-45FC-BE99-0928FBDF0BDE}
		{AB472FE2-3C3E-40B0-A674-4E161BD683BE} = {AB472FE2-3C3E-40B0-A674-4E161BD683BE}
	EndProjectSection
EndProject
Project("{8BC9CEB8-8B4A-11D0-8D11-00A0C91BC942}") = "DirectXTK_Desktop_2015", "external\DirectXTK\DirectXTK_Desktop_2015.vcxproj", "{E0B52AE7-E160-4D32-BF3F-910B785E5A8E}"
EndProject
Project("{8BC9CEB8-8B4A-11D0-8D11-00A0C91BC942}") = "DXUtils", "DXUtils\DXUtils.vcxproj", "{C9C8D19F-2D38-46F2-93D8-FFE4A7C680A4}"
	ProjectSection(ProjectDependencies) = postProject
		{08D60818-66EF-445C-B2EF-839D510AA61D} = {08D60818-66EF-445C-B2EF-839D510AA61D}
		{5607563F-E4D7-4469-9559-A13808F8735C} = {5607563F-E4D7-4469-9559-A13808F8735C}
		{E0B52AE7-E160-4D32-BF3F-910B785E5A8E} = {E0B52AE7-E160-4D32-BF3F-910B785E5A8E}
	EndProjectSection
EndProject
Global
	GlobalSection(SolutionConfigurationPlatforms) = preSolution
		Debug|x64 = Debug|x64
		Debug|x86 = Debug|x86
		Release|x64 = Release|x64
		Release|x86 = Release|x86
	EndGlobalSection
	GlobalSection(ProjectConfigurationPlatforms) = postSolution
		{92ACB259-52EE-438A-BE3D-47C74ACA88A8}.Debug|x64.ActiveCfg = Debug|x64
		{92ACB259-52EE-438A-BE3D-47C74ACA88A8}.Debug|x64.Build.0 = Debug|x64
		{92ACB259-52EE-438A-BE3D-47C74ACA88A8}.Debug|x86.ActiveCfg = Debug|Win32
		{92ACB259-52EE-438A-BE3D-47C74ACA88A8}.Debug|x86.Build.0 = Debug|Win32
		{92ACB259-52EE-438A-BE3D-47C74ACA88A8}.Release|x64.ActiveCfg = Release|x64
		{92ACB259-52EE-438A-BE3D-47C74ACA88A8}.Release|x64.Build.0 = Release|x64
		{92ACB259-52EE-438A-BE3D-47C74ACA88A8}.Release|x86.ActiveCfg = Release|Win32
		{92ACB259-52EE-438A-BE3D-47C74ACA88A8}.Release|x86.Build.0 = Release|Win32
		{4D5B5928-8A3F-4C2F-B5A2-5D2C4D6A2138}.Debug|x64.ActiveCfg = Debug|x64
		{4D5B5928-8A3F-4C2F-B5A2-5D2C4D6A2138}.Debug|x64.Build.0 = Debug|x64
		{4D5B5928-8A3F-4C2F-B5A2-5D2C4D6A2138}.Debug|x86.ActiveCfg = Debug|Win32
		{4D5B5928-8A3F-4C2F-B5A2-5D2C4D6A2138}.Debug|x86.Build.0 = Debug|Win32
		{4D5B5928-8A3F-4C2F-B5A2-5D2C4D6A2138}.Release|x64.ActiveCfg = Release|x64
		{4D5B5928-8A3F-4C2F-B5A2-5D2C4D6A2138}.Release|x64.Build.0 = Release|x64
		{4D5B5928-8A3F-4C2F-B5A2-5D2C4D6A2138}.Release|x86.ActiveCfg = Release|Win32
		{4D5B5928-8A3F-4C2F-B5A2-5D2C4D6A2138}.Release|x86.Build.0 = Release|Win32
		{5C55A0D1-BDAE-4FCA-94F4-5D1788460E2F}.Debug|x64.ActiveCfg = Debug|x64
		{5C55A0D1-BDAE-4FCA-94F4-5D1788460E2F}.Debug|x64.Build.0 = Debug|x64
		{5C55A0D1-BDAE-4FCA-94F4-5D1788460E2F}.Debug|x86.ActiveCfg = Debug|Win32
		{5C55A0D1-BDAE-4FCA-94F4-5D1788460E2F}.Debug|x86.Build.0 = Debug|Win32
		{5C55A0D1-BDAE-4FCA-94F4-5D1788460E2F}.Release|x64.ActiveCfg = Release|x64
		{5C55A0D1-BDAE-4FCA-94F4-5D1788460E2F}.Release|x64.Build.0 = Release|x64
		{5C55A0D1-BDAE-4FCA-94F4-5D1788460E2F}.Release|x86.ActiveCfg = Release|Win32
		{5C55A0D1-BDAE-4FCA-94F4-5D1788460E2F}.Release|x86.Build.0 = Release|Win32
		{36D64EDD-3B8F-45FC-BE99-0928FBDF0BDE}.Debug|x64.ActiveCfg = Debug|x64
		{36D64EDD-3B8F-45FC-BE99-0928FBDF0BDE}.Debug|x64.Build.0 = Debug|x64
		{36D64EDD-3B8F-45FC-BE99-0928FBDF0BDE}.Debug|x86.ActiveCfg = Debug|Win32
		{36D64EDD-3B8F-45FC-BE99-0928FBDF0BDE}.Debug|x86.Build.0 = Debug|Win32
		{36D64EDD-3B8F-45FC-BE99-0928FBDF0BDE}.Release|x64.ActiveCfg = Release|x64
		{36D64EDD-3B8F-45FC-BE99-0928FBDF0BDE}.Release|x64.Build.0 = Release|x64
		{36D64EDD-3B8F-45FC-BE99-0928FBDF0BDE}.Release|x86.ActiveCfg = Release|Win32
		{36D64EDD-3B8F-45FC-BE99-0928FBDF0BDE}.Release|x86.Build.0 = Release|Win32
		{5607563F-E4D7-4469-9559-A13808F8735C}.Debug|x64.ActiveCfg = Debug|x64
		{5607563F-E4D7-4469-9559-A13808F8735C}.Debug|x64.Build.0 = Debug|x64
		{5607563F-E4D7-4469-9559-A13808F8735C}.Debug|x86.ActiveCfg = Debug|Win32
		{5607563F-E4D7-4469-9559-A13808F8735C}.Debug|x86.Build.0 = Debug|Win32
		{5607563F-E4D7-4469-9559-A13808F8735C}.Release|x64.ActiveCfg = Release|x64
		{5607563F-E4D7-4469-9559-A13808F8735C}.Release|x64.Build.0 = Release|x64
		{5607563F-E4D7-4469-9559-A13808F8735C}.Release|x86.ActiveCfg = Release|Win32
		{5607563F-E4D7-4469-9559-A13808F8735C}.Release|x86.Build.0 = Release|Win32
		{08D60818-66EF-445C-B2EF-839D510AA61D}.Debug|x64.ActiveCfg = Debug|x64
		{08D60818-66EF-445C-B2EF-839D510AA61D}.Debug|x64.Build.0 = Debug|x64
		{08D60818-66EF-445C-B2EF-839D510AA61D}.Debug|x86.ActiveCfg = Debug|Win32
		{08D60818-66EF-445C-B2EF-839D510AA61D}.Debug|x86.Build.0 = Debug|Win32
		{08D60818-66EF-445C-B2EF-839D510AA61D}.Release|x64.ActiveCfg = Release|x64
		{08D60818-66EF-445C-B2EF-839D510AA61D}.Release|x64.Build.0 = Release|x64
		{08D60818-66EF-445C-B2EF-839D510AA61D}.Release|x86.ActiveCfg = Release|Win32
		{08D60818-66EF-445C-B2EF-839D510AA61D}.Release|x86.Build.0 = Release|Win32
		{6174012A-49D7-436B-8476-640380B7F3DF}.Debug|x64.ActiveCfg = Debug|x64
		{6174012A-49D7-436B-8476-640380B7F3DF}.Debug|x64.Build.0 = Debug|x64
		{6174012A-49D7-436B-8476-640380B7F3DF}.Debug|x86.ActiveCfg = Debug|Win32
		{6174012A-49D7-436B-8476-640380B7F3DF}.Debug|x86.Build.0 = Debug|Win32
		{6174012A-49D7-436B-8476-640380B7F3DF}.Release|x64.ActiveCfg = Release|x64
		{6174012A-49D7-436B-8476-640380B7F3DF}.Release|x64.Build.0 = Release|x64
		{6174012A-49D7-436B-8476-640380B7F3DF}.Release|x86.ActiveCfg = Release|Win32
		{6174012A-49D7-436B-8476-640380B7F3DF}.Release|x86.Build.0 = Release|Win32
		{D8934C5C-2274-4954-A4EE-8AD0C1A6C19D}.Debug|x64.ActiveCfg = Debug|x64
		{D8934C5C-2274-4954-A4EE-8AD0C1A6C19D}.Debug|x64.Build.0 = Debug|x64
		{D8934C5C-2274-4954-A4EE-8AD0C1A6C19D}.Debug|x86.ActiveCfg = Debug|Win32
		{D8934C5C-2274-4954-A4EE-8AD0C1A6C19D}.Debug|x86.Build.0 = Debug|Win32
		{D8934C5C-2274-4954-A4EE-8AD0C1A6C19D}.Release|x64.ActiveCfg = Release|x64
		{D8934C5C-2274-4954-A4EE-8AD0C1A6C19D}.Release|x64.Build.0 = Release|x64
		{D8934C5C-2274-4954-A4EE-8AD0C1A6C19D}.Release|x86.ActiveCfg = Release|Win32
		{D8934C5C-2274-4954-A4EE-8AD0C1A6C19D}.Release|x86.Build.0 = Release|Win32
		{AB472FE2-3C3E-40B0-A674-4E161BD683BE}.Debug|x64.ActiveCfg = Debug|x64
		{AB472FE2-3C3E-40B0-A674-4E161BD683BE}.Debug|x64.Build.0 = Debug|x64
		{AB472FE2-3C3E-40B0-A674-4E161BD683BE}.Debug|x86.ActiveCfg = Debug|Win32
		{AB472FE2-3C3E-40B0-A674-4E161BD683BE}.Debug|x86.Build.0 = Debug|Win32
		{AB472FE2-3C3E-40B0-A674-4E161BD683BE}.Release|x64.ActiveCfg = Release|x64
		{AB472FE2-3C3E-40B0-A674-4E161BD683BE}.Release|x64.Build.0 = Release|x64
		{AB472FE2-3C3E-40B0-A674-4E161BD683BE}.Release|x86.ActiveCfg = Release|Win32
		{AB472FE2-3C3E-40B0-A674-4E161BD683BE}.Release|x86.Build.0 = Release|Win32
		{C43FA867-E289-4359-B8F6-33ECF4B78683}.Debug|x64.ActiveCfg = Debug|x64
		{C43FA867-E289-4359-B8F6-33ECF4B78683}.Debug|x64.Build.0 = Debug|x64
		{C43FA867-E289-4359-B8F6-33ECF4B78683}.Debug|x86.ActiveCfg = Debug|Win32
		{C43FA867-E289-4359-B8F6-33ECF4B78683}.Debug|x86.Build.0 = Debug|Win32
		{C43FA867-E289-4359-B8F6-33ECF4B78683}.Release|x64.ActiveCfg = Release|x64
		{C43FA867-E289-4359-B8F6-33ECF4B78683}.Release|x64.Build.0 = Release|x64
		{C43FA867-E289-4359-B8F6-33ECF4B78683}.Release|x86.ActiveCfg = Release|Win32
		{C43FA867-E289-4359-B8F6-33ECF4B78683}.Release|x86.Build.0 = Release|Win32
		{E0B52AE7-E160-4D32-BF3F-910B785E5A8E}.Debug|x64.ActiveCfg = Debug|x64
		{E0B52AE7-E160-4D32-BF3F-910B785E5A8E}.Debug|x64.Build.0 = Debug|x64
		{E0B52AE7-E160-4D32-BF3F-910B785E5A8E}.Debug|x86.ActiveCfg = Debug|Win32
		{E0B52AE7-E160-4D32-BF3F-910B785E5A8E}.Debug|x86.Build.0 = Debug|Win32
		{E0B52AE7-E160-4D32-BF3F-910B785E5A8E}.Release|x64.ActiveCfg = Release|x64
		{E0B52AE7-E160-4D32-BF3F-910B785E5A8E}.Release|x64.Build.0 = Release|x64
		{E0B52AE7-E160-4D32-BF3F-910B785E5A8E}.Release|x86.ActiveCfg = Release|Win32
		{E0B52AE7-E160-4D32-BF3F-910B785E5A8E}.Release|x86.Build.0 = Release|Win32
		{C9C8D19F-2D38-46F2-93D8-FFE4A7C680A4}.Debug|x64.ActiveCfg = Debug|x64
		{C9C8D19F-2D38-46F2-93D8-FFE4A7C680A4}.Debug|x64.Build.0 = Debug|x64
		{C9C8D19F-2D38-46F2-93D8-FFE4A7C680A4}.Debug|x86.ActiveCfg = Debug|Win32
		{C9C8D19F-2D38-46F2-93D8-FFE4A7C680A4}.Debug|x86.Build.0 = Debug|Win32
		{C9C8D19F-2D38-46F2-93D8-FFE4A7C680A4}.Release|x64.ActiveCfg = Release|x64
		{C9C8D19F-2D38-46F2-93D8-FFE4A7C680A4}.Release|x64.Build.0 = Release|x64
		{C9C8D19F-2D38-46F2-93D8-FFE4A7C680A4}.Release|x86.ActiveCfg = Release|Win32
		{C9C8D19F-2D38-46F2-93D8-FFE4A7C680A4}.Release|x86.Build.0 = Release|Win32
	EndGlobalSection
	GlobalSection(SolutionProperties) = preSolution
		HideSolutionNode = FALSE
	EndGlobalSection
EndGlobal
